Microsoft Visual Studio Solution File, Format Version 12.00
# Visual Studio Version 16
VisualStudioVersion = 16.0.0.0
MinimumVisualStudioVersion = 16.0.0.0
Project("{9A19103F-16F7-4668-BE54-9A1E7A4F7556}") = "MyTrades", "MyTrades\MyTrades.csproj", "{F009DFE1-D418-4E20-9904-D28BFCB9801A}"
EndProject
Project("{9A19103F-16F7-4668-BE54-9A1E7A4F7556}") = "MyTrades.Client", "MyTrades.Client\MyTrades.Client.csproj", "{040A59B2-92F5-4EBE-B68D-C9226FA328BC}"
EndProject
Project("{FAE04EC0-301F-11D3-BF4B-00C04F79EFBC}") = "MyTrades.Contracts", "MyTrades.Contracts\MyTrades.Contracts.csproj", "{50940A18-D40F-4A13-A265-16F48D512F07}"
EndProject
Global
	GlobalSection(SolutionConfigurationPlatforms) = preSolution
		Debug|Any CPU = Debug|Any CPU
		Debug|x64 = Debug|x64
		Debug|x86 = Debug|x86
		Release|Any CPU = Release|Any CPU
		Release|x64 = Release|x64
		Release|x86 = Release|x86
	EndGlobalSection
	GlobalSection(ProjectConfigurationPlatforms) = postSolution
		{040A59B2-92F5-4EBE-B68D-C9226FA328BC}.Debug|Any CPU.ActiveCfg = Debug|Any CPU
		{040A59B2-92F5-4EBE-B68D-C9226FA328BC}.Debug|Any CPU.Build.0 = Debug|Any CPU
		{040A59B2-92F5-4EBE-B68D-C9226FA328BC}.Debug|x64.ActiveCfg = Debug|Any CPU
		{040A59B2-92F5-4EBE-B68D-C9226FA328BC}.Debug|x64.Build.0 = Debug|Any CPU
		{040A59B2-92F5-4EBE-B68D-C9226FA328BC}.Debug|x86.ActiveCfg = Debug|Any CPU
		{040A59B2-92F5-4EBE-B68D-C9226FA328BC}.Debug|x86.Build.0 = Debug|Any CPU
		{040A59B2-92F5-4EBE-B68D-C9226FA328BC}.Release|Any CPU.ActiveCfg = Release|Any CPU
		{040A59B2-92F5-4EBE-B68D-C9226FA328BC}.Release|Any CPU.Build.0 = Release|Any CPU
		{040A59B2-92F5-4EBE-B68D-C9226FA328BC}.Release|x64.ActiveCfg = Release|Any CPU
		{040A59B2-92F5-4EBE-B68D-C9226FA328BC}.Release|x64.Build.0 = Release|Any CPU
		{040A59B2-92F5-4EBE-B68D-C9226FA328BC}.Release|x86.ActiveCfg = Release|Any CPU
		{040A59B2-92F5-4EBE-B68D-C9226FA328BC}.Release|x86.Build.0 = Release|Any CPU
		{F009DFE1-D418-4E20-9904-D28BFCB9801A}.Debug|Any CPU.ActiveCfg = Debug|Any CPU
		{F009DFE1-D418-4E20-9904-D28BFCB9801A}.Debug|Any CPU.Build.0 = Debug|Any CPU
		{F009DFE1-D418-4E20-9904-D28BFCB9801A}.Debug|x64.ActiveCfg = Debug|Any CPU
		{F009DFE1-D418-4E20-9904-D28BFCB9801A}.Debug|x64.Build.0 = Debug|Any CPU
		{F009DFE1-D418-4E20-9904-D28BFCB9801A}.Debug|x86.ActiveCfg = Debug|Any CPU
		{F009DFE1-D418-4E20-9904-D28BFCB9801A}.Debug|x86.Build.0 = Debug|Any CPU
		{F009DFE1-D418-4E20-9904-D28BFCB9801A}.Release|Any CPU.ActiveCfg = Release|Any CPU
		{F009DFE1-D418-4E20-9904-D28BFCB9801A}.Release|Any CPU.Build.0 = Release|Any CPU
		{F009DFE1-D418-4E20-9904-D28BFCB9801A}.Release|x64.ActiveCfg = Release|Any CPU
		{F009DFE1-D418-4E20-9904-D28BFCB9801A}.Release|x64.Build.0 = Release|Any CPU
		{F009DFE1-D418-4E20-9904-D28BFCB9801A}.Release|x86.ActiveCfg = Release|Any CPU
		{F009DFE1-D418-4E20-9904-D28BFCB9801A}.Release|x86.Build.0 = Release|Any CPU
		{50940A18-D40F-4A13-A265-16F48D512F07}.Debug|Any CPU.ActiveCfg = Debug|Any CPU
		{50940A18-D40F-4A13-A265-16F48D512F07}.Debug|Any CPU.Build.0 = Debug|Any CPU
		{50940A18-D40F-4A13-A265-16F48D512F07}.Debug|x64.ActiveCfg = Debug|Any CPU
		{50940A18-D40F-4A13-A265-16F48D512F07}.Debug|x64.Build.0 = Debug|Any CPU
		{50940A18-D40F-4A13-A265-16F48D512F07}.Debug|x86.ActiveCfg = Debug|Any CPU
		{50940A18-D40F-4A13-A265-16F48D512F07}.Debug|x86.Build.0 = Debug|Any CPU
		{50940A18-D40F-4A13-A265-16F48D512F07}.Release|Any CPU.ActiveCfg = Release|Any CPU
		{50940A18-D40F-4A13-A265-16F48D512F07}.Release|Any CPU.Build.0 = Release|Any CPU
		{50940A18-D40F-4A13-A265-16F48D512F07}.Release|x64.ActiveCfg = Release|Any CPU
		{50940A18-D40F-4A13-A265-16F48D512F07}.Release|x64.Build.0 = Release|Any CPU
		{50940A18-D40F-4A13-A265-16F48D512F07}.Release|x86.ActiveCfg = Release|Any CPU
		{50940A18-D40F-4A13-A265-16F48D512F07}.Release|x86.Build.0 = Release|Any CPU
	EndGlobalSection
	GlobalSection(SolutionProperties) = preSolution
		HideSolutionNode = FALSE
	EndGlobalSection
	GlobalSection(ExtensibilityGlobals) = postSolution
		SolutionGuid = {3AE28001-6BAC-4362-A63C-05684FA36ADB}
	EndGlobalSection
EndGlobal
