
Microsoft Visual Studio Solution File, Format Version 12.00
Project("{FAE04EC0-301F-11D3-BF4B-00C04F79EFBC}") = "MyTrades.Api", "src\MyTrades.Api\MyTrades.Api.csproj", "{9A868982-81DF-4918-9190-4FAFDB7261AB}"
EndProject
Project("{FAE04EC0-301F-11D3-BF4B-00C04F79EFBC}") = "MyTrades.Domain", "src\MyTrades.Domain\MyTrades.Domain.csproj", "{9B3BDB8D-6C8E-4501-8A53-DCBB5E7B3FFA}"
EndProject
Project("{FAE04EC0-301F-11D3-BF4B-00C04F79EFBC}") = "MyTrades.Processor", "src\MyTrades.Processor\MyTrades.Processor.csproj", "{77D20401-97BE-4D58-A15A-BED229E07B9A}"
EndProject
Project("{FAE04EC0-301F-11D3-BF4B-00C04F79EFBC}") = "MyTrades.EventSource", "src\MyTrades.EventSource\MyTrades.EventSource.csproj", "{9962A40A-121E-4C5C-B286-EA9F97ACC60D}"
EndProject
Project("{FAE04EC0-301F-11D3-BF4B-00C04F79EFBC}") = "MyTrades.External.Api", "src\MyTrades.External.Api\MyTrades.External.Api.csproj", "{F71E4779-3DD7-4B40-8F96-788E37E38998}"
EndProject
Project("{FAE04EC0-301F-11D3-BF4B-00C04F79EFBC}") = "MyTrades.Gateway", "src\MyTrades.Gateway\MyTrades.Gateway.csproj", "{3D4EFD0D-DBB2-46A7-8485-E785A800DF26}"
EndProject
Project("{FAE04EC0-301F-11D3-BF4B-00C04F79EFBC}") = "MyTrades.Persistence", "src\MyTrades.Persistence\MyTrades.Persistence.csproj", "{EA393854-B14E-4ABC-AB98-2E2EE10670E4}"
EndProject
Project("{2150E333-8FDC-42A3-9474-1A3956D46DE8}") = "Shared", "Shared", "{D5C68519-9576-4EDE-9472-ED9DC630C1B1}"
EndProject
Project("{2150E333-8FDC-42A3-9474-1A3956D46DE8}") = "Hosts", "Hosts", "{486993B1-FEA8-427D-B0EB-162F9647B4EE}"
EndProject
Project("{2150E333-8FDC-42A3-9474-1A3956D46DE8}") = "ExternalConnections", "ExternalConnections", "{7D504BE4-CC21-4D6E-BA17-8BC365F2481A}"
EndProject
Project("{2150E333-8FDC-42A3-9474-1A3956D46DE8}") = "Processor", "Processor", "{511008FC-F4FE-45EC-ACFC-BE0983AFDD5A}"
EndProject
Project("{FAE04EC0-301F-11D3-BF4B-00C04F79EFBC}") = "MyTrades.Engine", "src\MyTrades.Engine\MyTrades.Engine.csproj", "{723CCE24-6DCF-425E-874B-096072C0C515}"
EndProject
Project("{FAE04EC0-301F-11D3-BF4B-00C04F79EFBC}") = "MyTrades.Indicator", "src\MyTrades.Indicator\MyTrades.Indicator.csproj", "{01C76815-EC2F-4EF3-928C-AE77DB7451B2}"
EndProject
Project("{FAE04EC0-301F-11D3-BF4B-00C04F79EFBC}") = "MyTrades.Strategy", "src\MyTrades.Strategy\MyTrades.Strategy.csproj", "{FF0DD838-241C-43D5-A981-468FD45DC8B7}"
EndProject
Global
	GlobalSection(SolutionConfigurationPlatforms) = preSolution
		Debug|Any CPU = Debug|Any CPU
		Release|Any CPU = Release|Any CPU
	EndGlobalSection
	GlobalSection(ProjectConfigurationPlatforms) = postSolution
		{9A868982-81DF-4918-9190-4FAFDB7261AB}.Debug|Any CPU.ActiveCfg = Debug|Any CPU
		{9A868982-81DF-4918-9190-4FAFDB7261AB}.Debug|Any CPU.Build.0 = Debug|Any CPU
		{9A868982-81DF-4918-9190-4FAFDB7261AB}.Release|Any CPU.ActiveCfg = Release|Any CPU
		{9A868982-81DF-4918-9190-4FAFDB7261AB}.Release|Any CPU.Build.0 = Release|Any CPU
		{9B3BDB8D-6C8E-4501-8A53-DCBB5E7B3FFA}.Debug|Any CPU.ActiveCfg = Debug|Any CPU
		{9B3BDB8D-6C8E-4501-8A53-DCBB5E7B3FFA}.Debug|Any CPU.Build.0 = Debug|Any CPU
		{9B3BDB8D-6C8E-4501-8A53-DCBB5E7B3FFA}.Release|Any CPU.ActiveCfg = Release|Any CPU
		{9B3BDB8D-6C8E-4501-8A53-DCBB5E7B3FFA}.Release|Any CPU.Build.0 = Release|Any CPU
		{77D20401-97BE-4D58-A15A-BED229E07B9A}.Debug|Any CPU.ActiveCfg = Debug|Any CPU
		{77D20401-97BE-4D58-A15A-BED229E07B9A}.Debug|Any CPU.Build.0 = Debug|Any CPU
		{77D20401-97BE-4D58-A15A-BED229E07B9A}.Release|Any CPU.ActiveCfg = Release|Any CPU
		{77D20401-97BE-4D58-A15A-BED229E07B9A}.Release|Any CPU.Build.0 = Release|Any CPU
		{9962A40A-121E-4C5C-B286-EA9F97ACC60D}.Debug|Any CPU.ActiveCfg = Debug|Any CPU
		{9962A40A-121E-4C5C-B286-EA9F97ACC60D}.Debug|Any CPU.Build.0 = Debug|Any CPU
		{9962A40A-121E-4C5C-B286-EA9F97ACC60D}.Release|Any CPU.ActiveCfg = Release|Any CPU
		{9962A40A-121E-4C5C-B286-EA9F97ACC60D}.Release|Any CPU.Build.0 = Release|Any CPU
		{F71E4779-3DD7-4B40-8F96-788E37E38998}.Debug|Any CPU.ActiveCfg = Debug|Any CPU
		{F71E4779-3DD7-4B40-8F96-788E37E38998}.Debug|Any CPU.Build.0 = Debug|Any CPU
		{F71E4779-3DD7-4B40-8F96-788E37E38998}.Release|Any CPU.ActiveCfg = Release|Any CPU
		{F71E4779-3DD7-4B40-8F96-788E37E38998}.Release|Any CPU.Build.0 = Release|Any CPU
		{3D4EFD0D-DBB2-46A7-8485-E785A800DF26}.Debug|Any CPU.ActiveCfg = Debug|Any CPU
		{3D4EFD0D-DBB2-46A7-8485-E785A800DF26}.Debug|Any CPU.Build.0 = Debug|Any CPU
		{3D4EFD0D-DBB2-46A7-8485-E785A800DF26}.Release|Any CPU.ActiveCfg = Release|Any CPU
		{3D4EFD0D-DBB2-46A7-8485-E785A800DF26}.Release|Any CPU.Build.0 = Release|Any CPU
		{EA393854-B14E-4ABC-AB98-2E2EE10670E4}.Debug|Any CPU.ActiveCfg = Debug|Any CPU
		{EA393854-B14E-4ABC-AB98-2E2EE10670E4}.Debug|Any CPU.Build.0 = Debug|Any CPU
		{EA393854-B14E-4ABC-AB98-2E2EE10670E4}.Release|Any CPU.ActiveCfg = Release|Any CPU
		{EA393854-B14E-4ABC-AB98-2E2EE10670E4}.Release|Any CPU.Build.0 = Release|Any CPU
		{723CCE24-6DCF-425E-874B-096072C0C515}.Debug|Any CPU.ActiveCfg = Debug|Any CPU
		{723CCE24-6DCF-425E-874B-096072C0C515}.Debug|Any CPU.Build.0 = Debug|Any CPU
		{723CCE24-6DCF-425E-874B-096072C0C515}.Release|Any CPU.ActiveCfg = Release|Any CPU
		{723CCE24-6DCF-425E-874B-096072C0C515}.Release|Any CPU.Build.0 = Release|Any CPU
		{01C76815-EC2F-4EF3-928C-AE77DB7451B2}.Debug|Any CPU.ActiveCfg = Debug|Any CPU
		{01C76815-EC2F-4EF3-928C-AE77DB7451B2}.Debug|Any CPU.Build.0 = Debug|Any CPU
		{01C76815-EC2F-4EF3-928C-AE77DB7451B2}.Release|Any CPU.ActiveCfg = Release|Any CPU
		{01C76815-EC2F-4EF3-928C-AE77DB7451B2}.Release|Any CPU.Build.0 = Release|Any CPU
		{FF0DD838-241C-43D5-A981-468FD45DC8B7}.Debug|Any CPU.ActiveCfg = Debug|Any CPU
		{FF0DD838-241C-43D5-A981-468FD45DC8B7}.Debug|Any CPU.Build.0 = Debug|Any CPU
		{FF0DD838-241C-43D5-A981-468FD45DC8B7}.Release|Any CPU.ActiveCfg = Release|Any CPU
		{FF0DD838-241C-43D5-A981-468FD45DC8B7}.Release|Any CPU.Build.0 = Release|Any CPU
	EndGlobalSection
	GlobalSection(NestedProjects) = preSolution
		{9B3BDB8D-6C8E-4501-8A53-DCBB5E7B3FFA} = {D5C68519-9576-4EDE-9472-ED9DC630C1B1}
		{9962A40A-121E-4C5C-B286-EA9F97ACC60D} = {D5C68519-9576-4EDE-9472-ED9DC630C1B1}
		{EA393854-B14E-4ABC-AB98-2E2EE10670E4} = {D5C68519-9576-4EDE-9472-ED9DC630C1B1}
		{9A868982-81DF-4918-9190-4FAFDB7261AB} = {486993B1-FEA8-427D-B0EB-162F9647B4EE}
		{3D4EFD0D-DBB2-46A7-8485-E785A800DF26} = {7D504BE4-CC21-4D6E-BA17-8BC365F2481A}
		{77D20401-97BE-4D58-A15A-BED229E07B9A} = {511008FC-F4FE-45EC-ACFC-BE0983AFDD5A}
		{723CCE24-6DCF-425E-874B-096072C0C515} = {486993B1-FEA8-427D-B0EB-162F9647B4EE}
		{01C76815-EC2F-4EF3-928C-AE77DB7451B2} = {511008FC-F4FE-45EC-ACFC-BE0983AFDD5A}
		{FF0DD838-241C-43D5-A981-468FD45DC8B7} = {511008FC-F4FE-45EC-ACFC-BE0983AFDD5A}
		{F71E4779-3DD7-4B40-8F96-788E37E38998} = {486993B1-FEA8-427D-B0EB-162F9647B4EE}
	EndGlobalSection
EndGlobal
